
Microsoft Visual Studio Solution File, Format Version 12.00
# Visual Studio 2013
VisualStudioVersion = 12.0.20623.1 VSUPREVIEW
MinimumVisualStudioVersion = 10.0.40219.1
Project("{FAE04EC0-301F-11D3-BF4B-00C04F79EFBC}") = "MyTfsMobile.App", "MyTfsMobile.App\MyTfsMobile.App.csproj", "{2013034A-1001-42F8-9EA2-E88D5B331FC2}"
EndProject
Project("{FAE04EC0-301F-11D3-BF4B-00C04F79EFBC}") = "TfsMobileServices", "TfsMobileServices\TfsMobileServices.csproj", "{1549876A-3ABC-4C43-BC9F-FE35AB7E4A79}"
EndProject
Project("{FAE04EC0-301F-11D3-BF4B-00C04F79EFBC}") = "TfsMobile.Contracts", "TfsMobile.Contracts\TfsMobile.Contracts.csproj", "{0C7A5BAF-DFBA-4313-884F-BAA0A1196D33}"
EndProject
Project("{FAE04EC0-301F-11D3-BF4B-00C04F79EFBC}") = "TfsMobile.Tests", "TfsMobile.Tests\TfsMobile.Tests.csproj", "{2F6BEBDA-6BAC-47C7-9EFC-4E3956C2B17F}"
EndProject
Project("{FAE04EC0-301F-11D3-BF4B-00C04F79EFBC}") = "TfsMobile.TestClient", "TfsMobile.TestClient\TfsMobile.TestClient.csproj", "{74FDEF0B-F992-435F-8FDF-4ECB170AB487}"
EndProject
Global
	GlobalSection(TeamFoundationVersionControl) = preSolution
		SccNumberOfProjects = 6
		SccEnterpriseProvider = {4CA58AB2-18FA-4F8D-95D4-32DDF27D184C}
		SccTeamFoundationServer = http://tfs.osiris.no:8080/tfs/labcollection
		SccLocalPath0 = .
		SccProjectUniqueName1 = MyTfsMobile.App\\MyTfsMobile.App.csproj
		SccProjectName1 = MyTfsMobile.App
		SccLocalPath1 = MyTfsMobile.App
		SccProjectUniqueName2 = TfsMobileServices\\TfsMobileServices.csproj
		SccProjectName2 = TfsMobileServices
		SccLocalPath2 = TfsMobileServices
		SccProjectUniqueName3 = TfsMobile.Contracts\\TfsMobile.Contracts.csproj
		SccProjectName3 = TfsMobile.Contracts
		SccLocalPath3 = TfsMobile.Contracts
		SccProjectUniqueName4 = TfsMobile.Tests\\TfsMobile.Tests.csproj
		SccProjectName4 = TfsMobile.Tests
		SccLocalPath4 = TfsMobile.Tests
		SccProjectUniqueName5 = TfsMobile.TestClient\\TfsMobile.TestClient.csproj
		SccProjectName5 = TfsMobile.TestClient
		SccLocalPath5 = TfsMobile.TestClient
	EndGlobalSection
	GlobalSection(SolutionConfigurationPlatforms) = preSolution
		Debug|Any CPU = Debug|Any CPU
		Debug|ARM = Debug|ARM
		Debug|x86 = Debug|x86
		Release|Any CPU = Release|Any CPU
		Release|ARM = Release|ARM
		Release|x86 = Release|x86
	EndGlobalSection
	GlobalSection(ProjectConfigurationPlatforms) = postSolution
		{2013034A-1001-42F8-9EA2-E88D5B331FC2}.Debug|Any CPU.ActiveCfg = Debug|Any CPU
		{2013034A-1001-42F8-9EA2-E88D5B331FC2}.Debug|Any CPU.Build.0 = Debug|Any CPU
		{2013034A-1001-42F8-9EA2-E88D5B331FC2}.Debug|Any CPU.Deploy.0 = Debug|Any CPU
		{2013034A-1001-42F8-9EA2-E88D5B331FC2}.Debug|ARM.ActiveCfg = Debug|ARM
		{2013034A-1001-42F8-9EA2-E88D5B331FC2}.Debug|ARM.Build.0 = Debug|ARM
		{2013034A-1001-42F8-9EA2-E88D5B331FC2}.Debug|ARM.Deploy.0 = Debug|ARM
		{2013034A-1001-42F8-9EA2-E88D5B331FC2}.Debug|x86.ActiveCfg = Debug|x86
		{2013034A-1001-42F8-9EA2-E88D5B331FC2}.Debug|x86.Build.0 = Debug|x86
		{2013034A-1001-42F8-9EA2-E88D5B331FC2}.Debug|x86.Deploy.0 = Debug|x86
		{2013034A-1001-42F8-9EA2-E88D5B331FC2}.Release|Any CPU.ActiveCfg = Release|Any CPU
		{2013034A-1001-42F8-9EA2-E88D5B331FC2}.Release|Any CPU.Build.0 = Release|Any CPU
		{2013034A-1001-42F8-9EA2-E88D5B331FC2}.Release|Any CPU.Deploy.0 = Release|Any CPU
		{2013034A-1001-42F8-9EA2-E88D5B331FC2}.Release|ARM.ActiveCfg = Release|ARM
		{2013034A-1001-42F8-9EA2-E88D5B331FC2}.Release|ARM.Build.0 = Release|ARM
		{2013034A-1001-42F8-9EA2-E88D5B331FC2}.Release|ARM.Deploy.0 = Release|ARM
		{2013034A-1001-42F8-9EA2-E88D5B331FC2}.Release|x86.ActiveCfg = Release|x86
		{2013034A-1001-42F8-9EA2-E88D5B331FC2}.Release|x86.Build.0 = Release|x86
		{2013034A-1001-42F8-9EA2-E88D5B331FC2}.Release|x86.Deploy.0 = Release|x86
		{1549876A-3ABC-4C43-BC9F-FE35AB7E4A79}.Debug|Any CPU.ActiveCfg = Debug|Any CPU
		{1549876A-3ABC-4C43-BC9F-FE35AB7E4A79}.Debug|Any CPU.Build.0 = Debug|Any CPU
		{1549876A-3ABC-4C43-BC9F-FE35AB7E4A79}.Debug|ARM.ActiveCfg = Debug|Any CPU
		{1549876A-3ABC-4C43-BC9F-FE35AB7E4A79}.Debug|x86.ActiveCfg = Debug|Any CPU
		{1549876A-3ABC-4C43-BC9F-FE35AB7E4A79}.Release|Any CPU.ActiveCfg = Release|Any CPU
		{1549876A-3ABC-4C43-BC9F-FE35AB7E4A79}.Release|Any CPU.Build.0 = Release|Any CPU
		{1549876A-3ABC-4C43-BC9F-FE35AB7E4A79}.Release|ARM.ActiveCfg = Release|Any CPU
		{1549876A-3ABC-4C43-BC9F-FE35AB7E4A79}.Release|x86.ActiveCfg = Release|Any CPU
		{0C7A5BAF-DFBA-4313-884F-BAA0A1196D33}.Debug|Any CPU.ActiveCfg = Debug|Any CPU
		{0C7A5BAF-DFBA-4313-884F-BAA0A1196D33}.Debug|Any CPU.Build.0 = Debug|Any CPU
		{0C7A5BAF-DFBA-4313-884F-BAA0A1196D33}.Debug|ARM.ActiveCfg = Debug|Any CPU
		{0C7A5BAF-DFBA-4313-884F-BAA0A1196D33}.Debug|x86.ActiveCfg = Debug|Any CPU
		{0C7A5BAF-DFBA-4313-884F-BAA0A1196D33}.Release|Any CPU.ActiveCfg = Release|Any CPU
		{0C7A5BAF-DFBA-4313-884F-BAA0A1196D33}.Release|Any CPU.Build.0 = Release|Any CPU
		{0C7A5BAF-DFBA-4313-884F-BAA0A1196D33}.Release|ARM.ActiveCfg = Release|Any CPU
		{0C7A5BAF-DFBA-4313-884F-BAA0A1196D33}.Release|x86.ActiveCfg = Release|Any CPU
		{2F6BEBDA-6BAC-47C7-9EFC-4E3956C2B17F}.Debug|Any CPU.ActiveCfg = Debug|Any CPU
		{2F6BEBDA-6BAC-47C7-9EFC-4E3956C2B17F}.Debug|Any CPU.Build.0 = Debug|Any CPU
		{2F6BEBDA-6BAC-47C7-9EFC-4E3956C2B17F}.Debug|ARM.ActiveCfg = Debug|Any CPU
		{2F6BEBDA-6BAC-47C7-9EFC-4E3956C2B17F}.Debug|x86.ActiveCfg = Debug|Any CPU
		{2F6BEBDA-6BAC-47C7-9EFC-4E3956C2B17F}.Release|Any CPU.ActiveCfg = Release|Any CPU
		{2F6BEBDA-6BAC-47C7-9EFC-4E3956C2B17F}.Release|Any CPU.Build.0 = Release|Any CPU
		{2F6BEBDA-6BAC-47C7-9EFC-4E3956C2B17F}.Release|ARM.ActiveCfg = Release|Any CPU
		{2F6BEBDA-6BAC-47C7-9EFC-4E3956C2B17F}.Release|x86.ActiveCfg = Release|Any CPU
		{74FDEF0B-F992-435F-8FDF-4ECB170AB487}.Debug|Any CPU.ActiveCfg = Debug|Any CPU
		{74FDEF0B-F992-435F-8FDF-4ECB170AB487}.Debug|Any CPU.Build.0 = Debug|Any CPU
		{74FDEF0B-F992-435F-8FDF-4ECB170AB487}.Debug|ARM.ActiveCfg = Debug|Any CPU
		{74FDEF0B-F992-435F-8FDF-4ECB170AB487}.Debug|x86.ActiveCfg = Debug|Any CPU
		{74FDEF0B-F992-435F-8FDF-4ECB170AB487}.Release|Any CPU.ActiveCfg = Release|Any CPU
		{74FDEF0B-F992-435F-8FDF-4ECB170AB487}.Release|Any CPU.Build.0 = Release|Any CPU
		{74FDEF0B-F992-435F-8FDF-4ECB170AB487}.Release|ARM.ActiveCfg = Release|Any CPU
		{74FDEF0B-F992-435F-8FDF-4ECB170AB487}.Release|x86.ActiveCfg = Release|Any CPU
	EndGlobalSection
	GlobalSection(SolutionProperties) = preSolution
		HideSolutionNode = FALSE
	EndGlobalSection
EndGlobal
